{
  "pins" : [
    {
      "identity" : "alamofire",
      "kind" : "remoteSourceControl",
      "location" : "https://github.com/Alamofire/Alamofire.git",
      "state" : {
        "revision" : "354dda32d89fc8cd4f5c46487f64957d355f53d8",
        "version" : "5.6.1"
      }
    },
    {
      "identity" : "kakao-ios-sdk",
      "kind" : "remoteSourceControl",
      "location" : "https://github.com/kakao/kakao-ios-sdk",
      "state" : {
        "branch" : "master",
        "revision" : "6db533cd712d206a37a5c497767e11044f816f26"
      }
    },
    {
      "identity" : "kakao-ios-sdk-rx",
      "kind" : "remoteSourceControl",
      "location" : "https://github.com/kakao/kakao-ios-sdk-rx",
      "state" : {
        "branch" : "master",
        "revision" : "fa7e78167f6feee6460be4af9ded4566280a9c04"
      }
    },
    {
      "identity" : "ohhttpstubs",
      "kind" : "remoteSourceControl",
      "location" : "https://github.com/AliSoftware/OHHTTPStubs.git",
      "state" : {
        "revision" : "12f19662426d0434d6c330c6974d53e2eb10ecd9",
        "version" : "9.1.0"
      }
    },
    {
      "identity" : "rxalamofire",
      "kind" : "remoteSourceControl",
      "location" : "https://github.com/RxSwiftCommunity/RxAlamofire.git",
      "state" : {
        "revision" : "9535b58695b91fb67f56d58d6fd0c76462d7743a",
        "version" : "6.1.2"
      }
    },
    {
      "identity" : "rxswift",
      "kind" : "remoteSourceControl",
      "location" : "https://github.com/ReactiveX/RxSwift.git",
      "state" : {
        "revision" : "b4307ba0b6425c0ba4178e138799946c3da594f8",
        "version" : "6.5.0"
      }
    }
  ],
  "version" : 2
}
